#MicroXplorer Configuration settings - do not modify
BSP_IP_NAME=NUCLEO-F446RE
CAD.formats=
CAD.pinconfig=
CAD.provider=
CAN1.ABOM.Ext=DISABLE
CAN1.AWUM.Ext=DISABLE
CAN1.BS1=CAN_BS1_12TQ
CAN1.BS2=CAN_BS2_2TQ
CAN1.CalculateBaudRate=500000
CAN1.CalculateTimeBit=2000
CAN1.CalculateTimeQuantum=133.33333333333331
CAN1.IPParameters=CalculateTimeQuantum,CalculateTimeBit,CalculateBaudRate,Prescaler,BS1,BS2
CAN1.Mode.Ext=CAN_MODE_NORMAL
CAN1.NART.Ext=DISABLE
CAN1.Prescaler=6
CAN1.RFLM.Ext=DISABLE
CAN1.SJW.Ext=CAN_SJW_1TQ
CAN1.TTCM.Ext=DISABLE
CAN1.TXFP.Ext=DISABLE
Extended=true
File.Version=6
I2C2.AddressingMode.Ext=I2C_ADDRESSINGMODE_7BIT
I2C2.ClockSpeed.Ext=100000
I2C2.DualAddressMode.Ext=I2C_DUALADDRESS_DISABLE
I2C2.DutyCycle.Ext=I2C_DUTYCYCLE_2
I2C2.GeneralCallMode.Ext=I2C_GENERALCALL_DISABLE
I2C2.I2C_Mode.Ext=I2C_Standard
I2C2.Instance.Ext=I2C$Index
I2C2.NoStretchMode.Ext=I2C_NOSTRETCH_DISABLE
I2C2.OwnAddress.Ext=0
I2C2.OwnAddress2.Ext=0
I2C2.OwnAddress2Masks.Ext=I2C_OA2_NOMASK
KeepUserPlacement=false
Mcu.CPN=STM32F446RET6
Mcu.Family=STM32F4
Mcu.IP0=CAN1
Mcu.IP1=I2C2
Mcu.IP2=NVIC
Mcu.IP3=RCC
Mcu.IP4=SPI1
Mcu.IP5=SYS
Mcu.IP6=USART1
Mcu.IP7=USART2
Mcu.IP8=NUCLEO-F446RE
Mcu.IPNb=9
Mcu.Name=STM32F446R(C-E)Tx
Mcu.Package=LQFP64
Mcu.Pin0=PA2
Mcu.Pin1=PA3
Mcu.Pin10=PA13
Mcu.Pin11=PA14
Mcu.Pin12=PB3
Mcu.Pin13=PB4
Mcu.Pin14=PB6
Mcu.Pin15=PB8
Mcu.Pin16=PB9
Mcu.Pin17=VP_SYS_VS_Systick
Mcu.Pin2=PA5
Mcu.Pin3=PA6
Mcu.Pin4=PA7
Mcu.Pin5=PB10
Mcu.Pin6=PC7
Mcu.Pin7=PA8
Mcu.Pin8=PA9
Mcu.Pin9=PA10
Mcu.PinsNb=18
Mcu.ThirdPartyNb=0
Mcu.UserConstants=
Mcu.UserName=STM32F446RETx
MxCube.Version=6.18.0
MxDb.Version=DB.6.0.180
NVIC.BusFault_IRQn=true\:0\:0\:false\:false\:true\:false\:false\:false
NVIC.DebugMonitor_IRQn=true\:0\:0\:false\:false\:true\:false\:false\:false
NVIC.ForceEnableDMAVector=true
NVIC.HardFault_IRQn=true\:0\:0\:false\:false\:true\:false\:false\:false
NVIC.MemoryManagement_IRQn=true\:0\:0\:false\:false\:true\:false\:false\:false
NVIC.NonMaskableInt_IRQn=true\:0\:0\:false\:false\:true\:false\:false\:false
NVIC.PendSV_IRQn=true\:0\:0\:false\:false\:true\:false\:false\:false
NVIC.PriorityGroup=NVIC_PRIORITYGROUP_0
NVIC.SVCall_IRQn=true\:0\:0\:false\:false\:true\:false\:false\:false
NVIC.SysTick_IRQn=true\:0\:0\:false\:false\:true\:true\:true\:false
NVIC.UsageFault_IRQn=true\:0\:0\:false\:false\:true\:false\:false\:false
PA10.Locked=true
PA10.Mode=Asynchronous
PA10.Signal=USART1_RX
PA13.Locked=true
PA13.Mode=Serial_Wire
PA13.Signal=SYS_JTMS-SWDIO
PA14.Locked=true
PA14.Mode=Serial_Wire
PA14.Signal=SYS_JTCK-SWCLK
PA2.Locked=true
PA2.Mode=Asynchronous
PA2.Signal=USART2_TX
PA3.Locked=true
PA3.Mode=Asynchronous
PA3.Signal=USART2_RX
PA5.Locked=true
PA5.Mode=Full_Duplex_Master
PA5.Signal=SPI1_SCK
PA6.Locked=true
PA6.Mode=Full_Duplex_Master
PA6.Signal=SPI1_MISO
PA7.Locked=true
PA7.Mode=Full_Duplex_Master
PA7.Signal=SPI1_MOSI
PA8.GPIOParameters=PinState,GPIO_Label
PA8.GPIO_Label=RS485_DE
PA8.Locked=true
PA8.PinState=GPIO_PIN_RESET
PA8.Signal=GPIO_Output
PA9.Locked=true
PA9.Mode=Asynchronous
PA9.Signal=USART1_TX
PB10.Locked=true
PB10.Mode=I2C
PB10.Signal=I2C2_SCL
PB3.Locked=true
PB3.Mode=I2C
PB3.Signal=I2C2_SDA
PB4.GPIOParameters=GPIO_Label,GPIO_ModeDefaultEXTI
PB4.GPIO_Label=ADXL345_INT1
PB4.GPIO_ModeDefaultEXTI=GPIO_MODE_IT_RISING
PB4.Locked=true
PB4.Signal=GPXTI4
PB6.GPIOParameters=PinState,GPIO_Label
PB6.GPIO_Label=BME280_CS
PB6.Locked=true
PB6.PinState=GPIO_PIN_SET
PB6.Signal=GPIO_Output
PB8.Locked=true
PB8.Mode=CAN_Activate
PB8.Signal=CAN1_RX
PB9.Locked=true
PB9.Mode=CAN_Activate
PB9.Signal=CAN1_TX
PC7.GPIOParameters=PinState,GPIO_Label
PC7.GPIO_Label=ADXL345_CS
PC7.Locked=true
PC7.PinState=GPIO_PIN_SET
PC7.Signal=GPIO_Output
PCC.Bar.Display=Horizontal Bar
PCC.Checker=false
PCC.Display=Plot\: All Steps
PCC.Line=STM32F446
PCC.MCU=STM32F446R(C-E)Tx
PCC.PartNumber=STM32F446RETx
PCC.SequenceTime=1.0 ms
PCC.SequenceTime.Unit=ms
PCC.Series=STM32F4
PCC.Temperature=25
PCC.Vdd=3.3
PinOutPanel.RotationAngle=0
ProjectManager.AskForMigrate=true
ProjectManager.BackupPrevious=false
ProjectManager.CompilerLinker=GCC
ProjectManager.CompilerOptimize=6
ProjectManager.ComputerToolchain=false
ProjectManager.CoupleFile=true
ProjectManager.CustomerFirmwarePackage=
ProjectManager.DefaultFWLocation=true
ProjectManager.DeletePrevious=true
ProjectManager.DeviceId=STM32F446RETx
ProjectManager.FirmwarePackage=STM32Cube FW_F4 V1.28.3
ProjectManager.FreePins=false
ProjectManager.FreePinsContext=
ProjectManager.HalAssertFull=false
ProjectManager.HeapSize=0x200
ProjectManager.KeepUserCode=true
ProjectManager.LastFirmware=true
ProjectManager.LibraryCopy=0
ProjectManager.MainLocation=Core/Src
ProjectManager.NoMain=false
ProjectManager.PreviousToolchain=
ProjectManager.ProjectBuild=false
ProjectManager.ProjectFileName=freertos_modbus_can_node_portable.ioc
ProjectManager.ProjectName=freertos_modbus_can_node_portable
ProjectManager.ProjectStructure=
ProjectManager.RegisterCallBack=
ProjectManager.StackSize=0x400
ProjectManager.TargetToolchain=CMake
ProjectManager.ToolChainLocation=
ProjectManager.UAScriptAfterPath=
ProjectManager.UAScriptBeforePath=
ProjectManager.UnderRoot=false
ProjectManager.functionlistsort=1-SystemClock_Config-RCC-false-HAL-false,2-MX_GPIO_Init-GPIO-false-HAL-true,3-MX_CAN1_Init-CAN1-false-HAL-true,4-MX_I2C2_Init-I2C2-false-HAL-true,5-MX_SPI1_Init-SPI1-false-HAL-true,6-MX_USART1_UART_Init-USART1-false-HAL-true,7-MX_USART2_UART_Init-USART2-false-HAL-true
RCC.AHBCLKDivider.Ext=RCC_SYSCLK_DIV1
RCC.AHBCLKDividerARG.Ext=RCC_SYSCLK_DIV1
RCC.AHBFreq_Value=180000000
RCC.APB1CLKDivider=RCC_HCLK_DIV4
RCC.APB1CLKDividerARG.Ext=RCC_HCLK_DIV4
RCC.APB1Freq_Value=45000000
RCC.APB1TimCLKDivider.Ext=2
RCC.APB1TimFreq_Value=90000000
RCC.APB2CLKDivider=RCC_HCLK_DIV2
RCC.APB2CLKDividerARG.Ext=RCC_HCLK_DIV2
RCC.APB2Freq_Value=90000000
RCC.APB2TimCLKDivider.Ext=2
RCC.APB2TimFreq_Value=180000000
RCC.CECClockSelection.Ext=RCC_CECCLKSOURCE_HSI
RCC.CECEnable.Ext=false
RCC.CECFreq_Value=32786.88524590164
RCC.ClockType.Ext=RCC_CLOCKTYPE_HCLK|RCC_CLOCKTYPE_SYSCLK|RCC_CLOCKTYPE_PCLK1|RCC_CLOCKTYPE_PCLK2
RCC.ClockTypeARG.Ext=RCC_CLOCKTYPE_HCLK|RCC_CLOCKTYPE_SYSCLK|RCC_CLOCKTYPE_PCLK1|RCC_CLOCKTYPE_PCLK2
RCC.ClockTypeHCLK.Ext=RCC_CLOCKTYPE_HCLK
RCC.ClockTypePCLK1.Ext=RCC_CLOCKTYPE_PCLK1
RCC.ClockTypePCLK2.Ext=RCC_CLOCKTYPE_PCLK2
RCC.ClockTypeSysClk.Ext=RCC_CLOCKTYPE_SYSCLK
RCC.CortexFreq_Value=180000000
RCC.Cortex_Div.Ext=SYSTICK_CLKSOURCE_HCLK
RCC.DATA_CACHE_ENABLE.Ext=1
RCC.EXTERNAL_CLOCK_VALUE.Ext=12288000
RCC.EnableFMPI2C1.Ext=false
RCC.EnableHSE.Ext=false
RCC.EnableHSERTCDevisor.Ext=false
RCC.EnableI2S1.Ext=false
RCC.EnableI2S2.Ext=false
RCC.EnableLSE.Ext=false
RCC.EnableLSERTC.Ext=false
RCC.EnableSAIA.Ext=false
RCC.EnableSAIB.Ext=false
RCC.EnableSDIO.Ext=false
RCC.EnableSPDIF.Ext=false
RCC.EnableUSB.Ext=false
RCC.EnbaleCSS.Ext=false
RCC.ExtClockEnable.Ext=false
RCC.FCLKCortexFreq_Value=180000000
RCC.FLatency-AdvancedSettings=FLASH_LATENCY_5
RCC.FLatency.Ext=FLASH_LATENCY_5
RCC.FMPI2C1Freq_Value=45000000
RCC.FMPI2C1Selection.Ext=RCC_FMPI2C1CLKSOURCE_APB
RCC.FamilyName=M
RCC.HCLKFreq_Value=180000000
RCC.HSEState.Ext=RCC_HSE_OFF
RCC.HSEUsed.Ext=0
RCC.HSE_Timout.Ext=100
RCC.HSE_VALUE=8000000
RCC.HSICalibrationValue.Ext=16
RCC.HSICalibrationValueARG.Ext=RCC_HSICALIBRATION_DEFAULT
RCC.HSIState.Ext=RCC_HSI_ON
RCC.HSIStateARG.Ext=RCC_HSI_ON
RCC.HSIUsed.Ext=1
RCC.HSI_Div_CEC.Ext=488
RCC.HSI_VALUE=16000000
RCC.I2S1CLockSelection.Ext=RCC_I2SAPB1CLKSOURCE_PLLI2S
RCC.I2S1Freq_Value.Ext=96000000
RCC.I2S2CLockSelection.Ext=RCC_I2SAPB2CLKSOURCE_PLLI2S
RCC.I2S2Freq_Value.Ext=96000000
RCC.INSTRUCTION_CACHE_ENABLE.Ext=1
RCC.IPParameters=AHBFreq_Value,APB1CLKDivider,APB1Freq_Value,APB1TimFreq_Value,APB2CLKDivider,APB2Freq_Value,APB2TimFreq_Value,CECFreq_Value,CortexFreq_Value,FCLKCortexFreq_Value,FLatency-AdvancedSettings,FMPI2C1Freq_Value,FamilyName,HCLKFreq_Value,HSE_VALUE,HSI_VALUE,LSE_VALUE,LSI_VALUE,MCO2PinFreq_Value,PLLCLKFreq_Value,PLLI2SPCLKFreq_Value,PLLI2SQCLKFreq_Value,PLLI2SRCLKFreq_Value,PLLM,PLLN,PLLQCLKFreq_Value,PLLRCLKFreq_Value,PLLSAIPCLKFreq_Value,PLLSAIQCLKFreq_Value,PWRFreq_Value,SAIAFreq_Value,SAIBFreq_Value,SDIOFreq_Value,SPDIFRXFreq_Value,SYSCLKFreq_VALUE,SYSCLKSource,USBFreq_Value,VCOI2SInputFreq_Value,VCOI2SOutputFreq_Value,VCOInputFreq_Value,VCOOutputFreq_Value,VCOSAIInputFreq_Value,VCOSAIOutputFreq_Value,VcooutputI2S
RCC.IWDGEnable.Ext=false
RCC.LSEState.Ext=RCC_LSE_OFF
RCC.LSEUsed.Ext=0
RCC.LSE_Timout.Ext=5000
RCC.LSE_VALUE=32768
RCC.LSIState.Ext=RCC_LSI_OFF
RCC.LSIUsed.Ext=0
RCC.LSI_VALUE=32000
RCC.MCO1OutPutEnable.Ext=false
RCC.MCO1PinFreq_Value.Ext=16000000
RCC.MCO2OutPutEnable.Ext=false
RCC.MCO2PinFreq_Value=180000000
RCC.OscillatorType.Ext=RCC_OSCILLATORTYPE_HSI
RCC.OscillatorTypeHSE.Ext=
RCC.OscillatorTypeHSI.Ext=RCC_OSCILLATORTYPE_HSI
RCC.OscillatorTypeLSE.Ext=
RCC.OscillatorTypeLSI.Ext=
RCC.PLLCLKFreq_Value=180000000
RCC.PLLI2SM.Ext=16
RCC.PLLI2SN.Ext=192
RCC.PLLI2SP.Ext=RCC_PLLI2SP_DIV2
RCC.PLLI2SPCLKFreq_Value=96000000
RCC.PLLI2SQ.Ext=2
RCC.PLLI2SQCLKFreq_Value=96000000
RCC.PLLI2SQDiv.Ext=1
RCC.PLLI2SR.Ext=2
RCC.PLLI2SRCLKFreq_Value=96000000
RCC.PLLI2SoutputFreq_Value.Ext=96000000
RCC.PLLM=8
RCC.PLLMARG.Ext=8
RCC.PLLN=180
RCC.PLLNARG.Ext=180
RCC.PLLP.Ext=RCC_PLLP_DIV2
RCC.PLLPARG.Ext=RCC_PLLP_DIV2
RCC.PLLQ.Ext=2
RCC.PLLQARG.Ext=2
RCC.PLLQCLKFreq_Value=180000000
RCC.PLLR.Ext=2
RCC.PLLRARG.Ext=2
RCC.PLLRCLKFreq_Value=180000000
RCC.PLLSAIM.Ext=16
RCC.PLLSAIN.Ext=192
RCC.PLLSAIP.Ext=RCC_PLLSAIP_DIV2
RCC.PLLSAIPCLKFreq_Value=96000000
RCC.PLLSAIQ.Ext=2
RCC.PLLSAIQCLKFreq_Value=96000000
RCC.PLLSAIQDiv.Ext=1
RCC.PLLSAIoutputFreq_Value.Ext=96000000
RCC.PLLSource.Ext=RCC_PLLSOURCE_HSI
RCC.PLLSourceARG.Ext=RCC_PLLSOURCE_HSI
RCC.PLLState.Ext=RCC_PLL_ON
RCC.PLLStateARG.Ext=RCC_PLL_ON
RCC.PLLUsed.Ext=0
RCC.PREFETCH_ENABLE.Ext=1
RCC.PWREXT_OverDrive.Ext=PWREXT_OverDrive_ACTIVATED
RCC.PWRFreq_Value=180000000
RCC.PWR_Regulator_Voltage_Scale.Ext=PWR_REGULATOR_VOLTAGE_SCALE1
RCC.RCC_MCO1Source.Ext=RCC_MCO1SOURCE_HSI
RCC.RCC_MCO2Source.Ext=RCC_MCO2SOURCE_SYSCLK
RCC.RCC_MCODiv1.Ext=RCC_MCODIV_1
RCC.RCC_MCODiv2.Ext=RCC_MCODIV_1
RCC.RCC_PERIPHCLK_CK48Var.Ext=
RCC.RCC_PERIPHCLK_I2S1Var.Ext=
RCC.RCC_PERIPHCLK_I2S2Var.Ext=
RCC.RCC_PERIPHCLK_SAIAVar.Ext=
RCC.RCC_PERIPHCLK_SAIBVar.Ext=
RCC.RCC_PERIPHCLK_SDIOVar.Ext=
RCC.RCC_PERIPHCLK_SPDIFVar.Ext=
RCC.RCC_PERIPHCLK_TIMVar.Ext=
RCC.RCC_RTC_Clock_Source.Ext=RCC_RTCCLKSOURCE_LSE
RCC.RCC_RTC_Clock_Source_FROM_HSE.Ext=RCC_RTCCLKSOURCE_HSE_DIV2
RCC.RCC_TIM_PRescaler_Selection.Ext=RCC_TIMPRES_DESACTIVATED
RCC.RTCEnable.Ext=false
RCC.RTCFreq_Value.Ext=32000
RCC.RTCHSEDivFreq_Value.Ext=12500000
RCC.SAIACLockSelection.Ext=RCC_SAI1CLKSOURCE_PLLSAI
RCC.SAIAFreq_Value=96000000
RCC.SAIBCLockSelection.Ext=RCC_SAI2CLKSOURCE_PLLSAI
RCC.SAIBFreq_Value=96000000
RCC.SDIOCLockSelection.Ext=RCC_SDIOCLKSOURCE_CLK48
RCC.SDIOFreq_Value=180000000
RCC.SPDIFCLockSelection.Ext=RCC_SPDIFRXCLKSOURCE_PLLR
RCC.SPDIFRXFreq_Value=180000000
RCC.SYSCLKFreq_VALUE=180000000
RCC.SYSCLKSource=RCC_SYSCLKSOURCE_PLLCLK
RCC.SYSCLKSourceARG.Ext=RCC_SYSCLKSOURCE_PLLCLK
RCC.USBCLockSelection.Ext=RCC_CLK48CLKSOURCE_PLLQ
RCC.USBFreq_Value=180000000
RCC.VCOI2SInputFreq_Value=1000000
RCC.VCOI2SOutputFreq_Value=192000000
RCC.VCOInputFreq_Value=2000000
RCC.VCOOutputFreq_Value=360000000
RCC.VCOSAIInputFreq_Value=1000000
RCC.VCOSAIOutputFreq_Value=192000000
RCC.VDD_VALUE.Ext=3.3
RCC.VcooutputI2S=96000000
RCC.WatchDogFreq_Value.Ext=32000
SH.GPXTI4.0=GPIO_EXTI4
SH.GPXTI4.ConfNb=1
SPI1.BaudRatePrescaler=SPI_BAUDRATEPRESCALER_32
SPI1.CLKPhase.Ext=SPI_PHASE_1EDGE
SPI1.CLKPolarity.Ext=SPI_POLARITY_LOW
SPI1.CRCCalculation.Ext=SPI_CRCCALCULATION_DISABLE
SPI1.CRCPolynomial.Ext=10
SPI1.CalculateBaudRate=2.8125 MBits/s
SPI1.DataSize.Ext=SPI_DATASIZE_8BIT
SPI1.Direction=SPI_DIRECTION_2LINES
SPI1.FirstBit.Ext=SPI_FIRSTBIT_MSB
SPI1.IPParameters=VirtualType,Mode,Direction,CalculateBaudRate,BaudRatePrescaler
SPI1.Mode=SPI_MODE_MASTER
SPI1.NSS.Ext=SPI_NSS_SOFT
SPI1.TIMode.Ext=SPI_TIMODE_DISABLE
SPI1.VirtualType=VM_MASTER
USART1.BaudRate=19200
USART1.HwFlowCtl.Ext=UART_HWCONTROL_NONE
USART1.IPParameters=VirtualMode,BaudRate,Parity,WordLength
USART1.Mode.Ext=MODE_TX_RX
USART1.OverSampling.Ext=UART_OVERSAMPLING_16
USART1.Parity=PARITY_EVEN
USART1.StopBits.Ext=STOPBITS_1
USART1.VirtualMode=VM_ASYNC
USART1.WordLength=WORDLENGTH_9B
USART2.BaudRate.Ext=115200
USART2.HwFlowCtl.Ext=UART_HWCONTROL_NONE
USART2.IPParameters=VirtualMode
USART2.Mode.Ext=MODE_TX_RX
USART2.OverSampling.Ext=UART_OVERSAMPLING_16
USART2.Parity.Ext=PARITY_NONE
USART2.StopBits.Ext=STOPBITS_1
USART2.VirtualMode=VM_ASYNC
USART2.WordLength.Ext=WORDLENGTH_8B
VP_RIF_VS_RIF1.Mode=RISUP
VP_RIF_VS_RIF1.Signal=RIF_VS_RIF1
VP_SYS_VS_Systick.Mode=SysTick
VP_SYS_VS_Systick.Signal=SYS_VS_Systick
board=NUCLEO-F446RE
boardIOC=true
